// !$*UTF8*$!
{
	archiveVersion = 1;
	classes = {
	};
	objectVersion = 46;
	objects = {

/* Begin PBXBuildFile section */
		75935E2E1D534A1A0069AF86 /* AppDelegate.swift in Sources */ = {isa = PBXBuildFile; fileRef = 75935E2D1D534A1A0069AF86 /* AppDelegate.swift */; };
		75935E301D534A1A0069AF86 /* Assets.xcassets in Resources */ = {isa = PBXBuildFile; fileRef = 75935E2F1D534A1A0069AF86 /* Assets.xcassets */; };
		75935E331D534A1A0069AF86 /* MainMenu.xib in Resources */ = {isa = PBXBuildFile; fileRef = 75935E311D534A1A0069AF86 /* MainMenu.xib */; };
		75935E3C1D534DD90069AF86 /* FlatButton.swift in Sources */ = {isa = PBXBuildFile; fileRef = 75935E3A1D534DD90069AF86 /* FlatButton.swift */; };
		75935E3D1D534DD90069AF86 /* LayerDelegate.swift in Sources */ = {isa = PBXBuildFile; fileRef = 75935E3B1D534DD90069AF86 /* LayerDelegate.swift */; };
		75935E411D535A3F0069AF86 /* NSColor+Utils.swift in Sources */ = {isa = PBXBuildFile; fileRef = 75935E401D535A3F0069AF86 /* NSColor+Utils.swift */; };
/* End PBXBuildFile section */

/* Begin PBXFileReference section */
		75935E2A1D534A1A0069AF86 /* FlatButton.app */ = {isa = PBXFileReference; explicitFileType = wrapper.application; includeInIndex = 0; path = FlatButton.app; sourceTree = BUILT_PRODUCTS_DIR; };
		75935E2D1D534A1A0069AF86 /* AppDelegate.swift */ = {isa = PBXFileReference; lastKnownFileType = sourcecode.swift; path = AppDelegate.swift; sourceTree = "<group>"; };
		75935E2F1D534A1A0069AF86 /* Assets.xcassets */ = {isa = PBXFileReference; lastKnownFileType = folder.assetcatalog; path = Assets.xcassets; sourceTree = "<group>"; };
		75935E321D534A1A0069AF86 /* Base */ = {isa = PBXFileReference; lastKnownFileType = file.xib; name = Base; path = Base.lproj/MainMenu.xib; sourceTree = "<group>"; };
		75935E341D534A1A0069AF86 /* Info.plist */ = {isa = PBXFileReference; lastKnownFileType = text.plist.xml; path = Info.plist; sourceTree = "<group>"; };
		75935E3A1D534DD90069AF86 /* FlatButton.swift */ = {isa = PBXFileReference; fileEncoding = 4; lastKnownFileType = sourcecode.swift; path = FlatButton.swift; sourceTree = "<group>"; };
		75935E3B1D534DD90069AF86 /* LayerDelegate.swift */ = {isa = PBXFileReference; fileEncoding = 4; lastKnownFileType = sourcecode.swift; path = LayerDelegate.swift; sourceTree = "<group>"; };
		75935E401D535A3F0069AF86 /* NSColor+Utils.swift */ = {isa = PBXFileReference; fileEncoding = 4; lastKnownFileType = sourcecode.swift; path = "NSColor+Utils.swift"; sourceTree = "<group>"; };
/* End PBXFileReference section */

/* Begin PBXFrameworksBuildPhase section */
		75935E271D534A1A0069AF86 /* Frameworks */ = {
			isa = PBXFrameworksBuildPhase;
			buildActionMask = 2147483647;
			files = (
			);
			runOnlyForDeploymentPostprocessing = 0;
		};
/* End PBXFrameworksBuildPhase section */

/* Begin PBXGroup section */
		75935E211D534A1A0069AF86 = {
			isa = PBXGroup;
			children = (
				75935E2C1D534A1A0069AF86 /* FlatButton */,
				75935E2B1D534A1A0069AF86 /* Products */,
			);
			sourceTree = "<group>";
		};
		75935E2B1D534A1A0069AF86 /* Products */ = {
			isa = PBXGroup;
			children = (
				75935E2A1D534A1A0069AF86 /* FlatButton.app */,
			);
			name = Products;
			sourceTree = "<group>";
		};
		75935E2C1D534A1A0069AF86 /* FlatButton */ = {
			isa = PBXGroup;
			children = (
				75935E3A1D534DD90069AF86 /* FlatButton.swift */,
				75935E3B1D534DD90069AF86 /* LayerDelegate.swift */,
				75935E401D535A3F0069AF86 /* NSColor+Utils.swift */,
				75935E2D1D534A1A0069AF86 /* AppDelegate.swift */,
				75935E2F1D534A1A0069AF86 /* Assets.xcassets */,
				75935E311D534A1A0069AF86 /* MainMenu.xib */,
				75935E341D534A1A0069AF86 /* Info.plist */,
			);
			path = FlatButton;
			sourceTree = "<group>";
		};
/* End PBXGroup section */

/* Begin PBXNativeTarget section */
		75935E291D534A1A0069AF86 /* FlatButton */ = {
			isa = PBXNativeTarget;
			buildConfigurationList = 75935E371D534A1A0069AF86 /* Build configuration list for PBXNativeTarget "FlatButton" */;
			buildPhases = (
				75935E261D534A1A0069AF86 /* Sources */,
				75935E271D534A1A0069AF86 /* Frameworks */,
				75935E281D534A1A0069AF86 /* Resources */,
			);
			buildRules = (
			);
			dependencies = (
			);
			name = FlatButton;
			productName = FlatButton;
			productReference = 75935E2A1D534A1A0069AF86 /* FlatButton.app */;
			productType = "com.apple.product-type.application";
		};
/* End PBXNativeTarget section */

/* Begin PBXProject section */
		75935E221D534A1A0069AF86 /* Project object */ = {
			isa = PBXProject;
			attributes = {
				LastSwiftUpdateCheck = 0800;
				LastUpgradeCheck = 0800;
				ORGANIZATIONNAME = Cindori;
				TargetAttributes = {
					75935E291D534A1A0069AF86 = {
						CreatedOnToolsVersion = 8.0;
						DevelopmentTeam = ZQK6SX26CE;
						ProvisioningStyle = Automatic;
					};
				};
			};
			buildConfigurationList = 75935E251D534A1A0069AF86 /* Build configuration list for PBXProject "FlatButton" */;
			compatibilityVersion = "Xcode 3.2";
			developmentRegion = English;
			hasScannedForEncodings = 0;
			knownRegions = (
				en,
				Base,
			);
			mainGroup = 75935E211D534A1A0069AF86;
			productRefGroup = 75935E2B1D534A1A0069AF86 /* Products */;
			projectDirPath = "";
			projectRoot = "";
			targets = (
				75935E291D534A1A0069AF86 /* FlatButton */,
			);
		};
/* End PBXProject section */

/* Begin PBXResourcesBuildPhase section */
		75935E281D534A1A0069AF86 /* Resources */ = {
			isa = PBXResourcesBuildPhase;
			buildActionMask = 2147483647;
			files = (
				75935E301D534A1A0069AF86 /* Assets.xcassets in Resources */,
				75935E331D534A1A0069AF86 /* MainMenu.xib in Resources */,
			);
			runOnlyForDeploymentPostprocessing = 0;
		};
/* End PBXResourcesBuildPhase section */

/* Begin PBXSourcesBuildPhase section */
		75935E261D534A1A0069AF86 /* Sources */ = {
			isa = PBXSourcesBuildPhase;
			buildActionMask = 2147483647;
			files = (
				75935E3C1D534DD90069AF86 /* FlatButton.swift in Sources */,
				75935E3D1D534DD90069AF86 /* LayerDelegate.swift in Sources */,
				75935E411D535A3F0069AF86 /* NSColor+Utils.swift in Sources */,
				75935E2E1D534A1A0069AF86 /* AppDelegate.swift in Sources */,
			);
			runOnlyForDeploymentPostprocessing = 0;
		};
/* End PBXSourcesBuildPhase section */

/* Begin PBXVariantGroup section */
		75935E311D534A1A0069AF86 /* MainMenu.xib */ = {
			isa = PBXVariantGroup;
			children = (
				75935E321D534A1A0069AF86 /* Base */,
			);
			name = MainMenu.xib;
			sourceTree = "<group>";
		};
/* End PBXVariantGroup section */

/* Begin XCBuildConfiguration section */
		75935E351D534A1A0069AF86 /* Debug */ = {
			isa = XCBuildConfiguration;
			buildSettings = {
				ALWAYS_SEARCH_USER_PATHS = NO;
				CLANG_ANALYZER_NONNULL = YES;
				CLANG_CXX_LANGUAGE_STANDARD = "gnu++0x";
				CLANG_CXX_LIBRARY = "libc++";
				CLANG_ENABLE_MODULES = YES;
				CLANG_ENABLE_OBJC_ARC = YES;
				CLANG_WARN_BOOL_CONVERSION = YES;
				CLANG_WARN_CONSTANT_CONVERSION = YES;
				CLANG_WARN_DIRECT_OBJC_ISA_USAGE = YES_ERROR;
				CLANG_WARN_DOCUMENTATION_COMMENTS = YES;
				CLANG_WARN_EMPTY_BODY = YES;
				CLANG_WARN_ENUM_CONVERSION = YES;
				CLANG_WARN_INFINITE_RECURSION = YES;
				CLANG_WARN_INT_CONVERSION = YES;
				CLANG_WARN_OBJC_ROOT_CLASS = YES_ERROR;
				CLANG_WARN_SUSPICIOUS_MOVES = YES;
				CLANG_WARN_UNREACHABLE_CODE = YES;
				CLANG_WARN__DUPLICATE_METHOD_MATCH = YES;
				CODE_SIGN_IDENTITY = "-";
				COPY_PHASE_STRIP = NO;
				DEBUG_INFORMATION_FORMAT = dwarf;
				ENABLE_STRICT_OBJC_MSGSEND = YES;
				ENABLE_TESTABILITY = YES;
				GCC_C_LANGUAGE_STANDARD = gnu99;
				GCC_DYNAMIC_NO_PIC = NO;
				GCC_NO_COMMON_BLOCKS = YES;
				GCC_OPTIMIZATION_LEVEL = 0;
				GCC_PREPROCESSOR_DEFINITIONS = (
					"DEBUG=1",
					"$(inherited)",
				);
				GCC_WARN_64_TO_32_BIT_CONVERSION = YES;
				GCC_WARN_ABOUT_RETURN_TYPE = YES_ERROR;
				GCC_WARN_UNDECLARED_SELECTOR = YES;
				GCC_WARN_UNINITIALIZED_AUTOS = YES_AGGRESSIVE;
				GCC_WARN_UNUSED_FUNCTION = YES;
				GCC_WARN_UNUSED_VARIABLE = YES;
				MACOSX_DEPLOYMENT_TARGET = 10.11;
				MTL_ENABLE_DEBUG_INFO = YES;
				ONLY_ACTIVE_ARCH = YES;
				SDKROOT = macosx;
				SWIFT_ACTIVE_COMPILATION_CONDITIONS = DEBUG;
				SWIFT_OPTIMIZATION_LEVEL = "-Onone";
			};
			name = Debug;
		};
		75935E361D534A1A0069AF86 /* Release */ = {
			isa = XCBuildConfiguration;
			buildSettings = {
				ALWAYS_SEARCH_USER_PATHS = NO;
				CLANG_ANALYZER_NONNULL = YES;
				CLANG_CXX_LANGUAGE_STANDARD = "gnu++0x";
				CLANG_CXX_LIBRARY = "libc++";
				CLANG_ENABLE_MODULES = YES;
				CLANG_ENABLE_OBJC_ARC = YES;
				CLANG_WARN_BOOL_CONVERSION = YES;
				CLANG_WARN_CONSTANT_CONVERSION = YES;
				CLANG_WARN_DIRECT_OBJC_ISA_USAGE = YES_ERROR;
				CLANG_WARN_DOCUMENTATION_COMMENTS = YES;
				CLANG_WARN_EMPTY_BODY = YES;
				CLANG_WARN_ENUM_CONVERSION = YES;
				CLANG_WARN_INFINITE_RECURSION = YES;
				CLANG_WARN_INT_CONVERSION = YES;
				CLANG_WARN_OBJC_ROOT_CLASS = YES_ERROR;
				CLANG_WARN_SUSPICIOUS_MOVES = YES;
				CLANG_WARN_UNREACHABLE_CODE = YES;
				CLANG_WARN__DUPLICATE_METHOD_MATCH = YES;
				CODE_SIGN_IDENTITY = "-";
				COPY_PHASE_STRIP = NO;
				DEBUG_INFORMATION_FORMAT = "dwarf-with-dsym";
				ENABLE_NS_ASSERTIONS = NO;
				ENABLE_STRICT_OBJC_MSGSEND = YES;
				GCC_C_LANGUAGE_STANDARD = gnu99;
				GCC_NO_COMMON_BLOCKS = YES;
				GCC_WARN_64_TO_32_BIT_CONVERSION = YES;
				GCC_WARN_ABOUT_RETURN_TYPE = YES_ERROR;
				GCC_WARN_UNDECLARED_SELECTOR = YES;
				GCC_WARN_UNINITIALIZED_AUTOS = YES_AGGRESSIVE;
				GCC_WARN_UNUSED_FUNCTION = YES;
				GCC_WARN_UNUSED_VARIABLE = YES;
				MACOSX_DEPLOYMENT_TARGET = 10.11;
				MTL_ENABLE_DEBUG_INFO = NO;
				SDKROOT = macosx;
				SWIFT_OPTIMIZATION_LEVEL = "-Owholemodule";
			};
			name = Release;
		};
		75935E381D534A1A0069AF86 /* Debug */ = {
			isa = XCBuildConfiguration;
			buildSettings = {
				ASSETCATALOG_COMPILER_APPICON_NAME = AppIcon;
				COMBINE_HIDPI_IMAGES = YES;
				DEVELOPMENT_TEAM = ZQK6SX26CE;
				INFOPLIST_FILE = FlatButton/Info.plist;
				LD_RUNPATH_SEARCH_PATHS = "$(inherited) @executable_path/../Frameworks";
				MACOSX_DEPLOYMENT_TARGET = 10.10;
				PRODUCT_BUNDLE_IDENTIFIER = org.cindori.FlatButton;
				PRODUCT_NAME = "$(TARGET_NAME)";
				SWIFT_VERSION = 3.0;
			};
			name = Debug;
		};
		75935E391D534A1A0069AF86 /* Release */ = {
			isa = XCBuildConfiguration;
			buildSettings = {
				ASSETCATALOG_COMPILER_APPICON_NAME = AppIcon;
				COMBINE_HIDPI_IMAGES = YES;
				DEVELOPMENT_TEAM = ZQK6SX26CE;
				INFOPLIST_FILE = FlatButton/Info.plist;
				LD_RUNPATH_SEARCH_PATHS = "$(inherited) @executable_path/../Frameworks";
				MACOSX_DEPLOYMENT_TARGET = 10.10;
				PRODUCT_BUNDLE_IDENTIFIER = org.cindori.FlatButton;
				PRODUCT_NAME = "$(TARGET_NAME)";
				SWIFT_VERSION = 3.0;
			};
			name = Release;
		};
/* End XCBuildConfiguration section */

/* Begin XCConfigurationList section */
		75935E251D534A1A0069AF86 /* Build configuration list for PBXProject "FlatButton" */ = {
			isa = XCConfigurationList;
			buildConfigurations = (
				75935E351D534A1A0069AF86 /* Debug */,
				75935E361D534A1A0069AF86 /* Release */,
			);
			defaultConfigurationIsVisible = 0;
			defaultConfigurationName = Release;
		};
		75935E371D534A1A0069AF86 /* Build configuration list for PBXNativeTarget "FlatButton" */ = {
			isa = XCConfigurationList;
			buildConfigurations = (
				75935E381D534A1A0069AF86 /* Debug */,
				75935E391D534A1A0069AF86 /* Release */,
			);
			defaultConfigurationIsVisible = 0;
			defaultConfigurationName = Release;
		};
/* End XCConfigurationList section */
	};
	rootObject = 75935E221D534A1A0069AF86 /* Project object */;
}
